
Microsoft Visual Studio Solution File, Format Version 12.00
# Visual Studio Version 16
VisualStudioVersion = 16.0.30503.244
MinimumVisualStudioVersion = 10.0.40219.1
Project("{FAE04EC0-301F-11D3-BF4B-00C04F79EFBC}") = "Model", "Model\Model.csproj", "{C1B7C91D-9211-4A7F-BC89-13F5B0CAC5FC}"
EndProject
Project("{FAE04EC0-301F-11D3-BF4B-00C04F79EFBC}") = "Controllers", "Controllers\Controllers.csproj", "{89A5B380-A14D-40A5-AB60-95B1495E5536}"
EndProject
Project("{FAE04EC0-301F-11D3-BF4B-00C04F79EFBC}") = "View", "View\View.csproj", "{9527E525-4830-431C-B324-E49B178D5717}"
EndProject
Project("{FAE04EC0-301F-11D3-BF4B-00C04F79EFBC}") = "MappingProj", "MappingProj\MappingProj.csproj", "{AD5BA6CF-026F-48C8-86AF-BC5F625787B7}"
EndProject
Project("{FAE04EC0-301F-11D3-BF4B-00C04F79EFBC}") = "TestProgramm", "TestProgramm\TestProgramm.csproj", "{5BA2DDFC-9936-4214-9553-4654C1B4B006}"
EndProject
Project("{FAE04EC0-301F-11D3-BF4B-00C04F79EFBC}") = "MainMenu", "MainMenu\MainMenu.csproj", "{F68A7BC7-AD5B-429F-AFEA-F312875CA2C5}"
EndProject
Project("{FAE04EC0-301F-11D3-BF4B-00C04F79EFBC}") = "ConsoleTestProgram", "ConsoleTestProgram\ConsoleTestProgram.csproj", "{7D2DF55B-0E59-488B-B46A-86224A99CB19}"
EndProject
Project("{FAE04EC0-301F-11D3-BF4B-00C04F79EFBC}") = "Server", "Server\Server.csproj", "{20A1AE86-6483-407A-82D7-17DA42F83640}"
EndProject
Project("{FAE04EC0-301F-11D3-BF4B-00C04F79EFBC}") = "BinProtocol", "BinProtocol\BinProtocol.csproj", "{FDEF7312-5ED9-4506-AC87-F16EF9989E9A}"
EndProject
Global
	GlobalSection(SolutionConfigurationPlatforms) = preSolution
		Debug|Any CPU = Debug|Any CPU
		Release|Any CPU = Release|Any CPU
	EndGlobalSection
	GlobalSection(ProjectConfigurationPlatforms) = postSolution
		{C1B7C91D-9211-4A7F-BC89-13F5B0CAC5FC}.Debug|Any CPU.ActiveCfg = Debug|Any CPU
		{C1B7C91D-9211-4A7F-BC89-13F5B0CAC5FC}.Debug|Any CPU.Build.0 = Debug|Any CPU
		{C1B7C91D-9211-4A7F-BC89-13F5B0CAC5FC}.Release|Any CPU.ActiveCfg = Release|Any CPU
		{C1B7C91D-9211-4A7F-BC89-13F5B0CAC5FC}.Release|Any CPU.Build.0 = Release|Any CPU
		{89A5B380-A14D-40A5-AB60-95B1495E5536}.Debug|Any CPU.ActiveCfg = Debug|Any CPU
		{89A5B380-A14D-40A5-AB60-95B1495E5536}.Debug|Any CPU.Build.0 = Debug|Any CPU
		{89A5B380-A14D-40A5-AB60-95B1495E5536}.Release|Any CPU.ActiveCfg = Release|Any CPU
		{89A5B380-A14D-40A5-AB60-95B1495E5536}.Release|Any CPU.Build.0 = Release|Any CPU
		{9527E525-4830-431C-B324-E49B178D5717}.Debug|Any CPU.ActiveCfg = Debug|Any CPU
		{9527E525-4830-431C-B324-E49B178D5717}.Debug|Any CPU.Build.0 = Debug|Any CPU
		{9527E525-4830-431C-B324-E49B178D5717}.Release|Any CPU.ActiveCfg = Release|Any CPU
		{9527E525-4830-431C-B324-E49B178D5717}.Release|Any CPU.Build.0 = Release|Any CPU
		{AD5BA6CF-026F-48C8-86AF-BC5F625787B7}.Debug|Any CPU.ActiveCfg = Debug|Any CPU
		{AD5BA6CF-026F-48C8-86AF-BC5F625787B7}.Debug|Any CPU.Build.0 = Debug|Any CPU
		{AD5BA6CF-026F-48C8-86AF-BC5F625787B7}.Release|Any CPU.ActiveCfg = Release|Any CPU
		{AD5BA6CF-026F-48C8-86AF-BC5F625787B7}.Release|Any CPU.Build.0 = Release|Any CPU
		{5BA2DDFC-9936-4214-9553-4654C1B4B006}.Debug|Any CPU.ActiveCfg = Debug|Any CPU
		{5BA2DDFC-9936-4214-9553-4654C1B4B006}.Debug|Any CPU.Build.0 = Debug|Any CPU
		{5BA2DDFC-9936-4214-9553-4654C1B4B006}.Release|Any CPU.ActiveCfg = Release|Any CPU
		{5BA2DDFC-9936-4214-9553-4654C1B4B006}.Release|Any CPU.Build.0 = Release|Any CPU
		{F68A7BC7-AD5B-429F-AFEA-F312875CA2C5}.Debug|Any CPU.ActiveCfg = Debug|Any CPU
		{F68A7BC7-AD5B-429F-AFEA-F312875CA2C5}.Debug|Any CPU.Build.0 = Debug|Any CPU
		{F68A7BC7-AD5B-429F-AFEA-F312875CA2C5}.Release|Any CPU.ActiveCfg = Release|Any CPU
		{F68A7BC7-AD5B-429F-AFEA-F312875CA2C5}.Release|Any CPU.Build.0 = Release|Any CPU
		{7D2DF55B-0E59-488B-B46A-86224A99CB19}.Debug|Any CPU.ActiveCfg = Debug|Any CPU
		{7D2DF55B-0E59-488B-B46A-86224A99CB19}.Debug|Any CPU.Build.0 = Debug|Any CPU
		{7D2DF55B-0E59-488B-B46A-86224A99CB19}.Release|Any CPU.ActiveCfg = Release|Any CPU
		{7D2DF55B-0E59-488B-B46A-86224A99CB19}.Release|Any CPU.Build.0 = Release|Any CPU
		{20A1AE86-6483-407A-82D7-17DA42F83640}.Debug|Any CPU.ActiveCfg = Debug|Any CPU
		{20A1AE86-6483-407A-82D7-17DA42F83640}.Debug|Any CPU.Build.0 = Debug|Any CPU
		{20A1AE86-6483-407A-82D7-17DA42F83640}.Release|Any CPU.ActiveCfg = Release|Any CPU
		{20A1AE86-6483-407A-82D7-17DA42F83640}.Release|Any CPU.Build.0 = Release|Any CPU
		{FDEF7312-5ED9-4506-AC87-F16EF9989E9A}.Debug|Any CPU.ActiveCfg = Debug|Any CPU
		{FDEF7312-5ED9-4506-AC87-F16EF9989E9A}.Debug|Any CPU.Build.0 = Debug|Any CPU
		{FDEF7312-5ED9-4506-AC87-F16EF9989E9A}.Release|Any CPU.ActiveCfg = Release|Any CPU
		{FDEF7312-5ED9-4506-AC87-F16EF9989E9A}.Release|Any CPU.Build.0 = Release|Any CPU
	EndGlobalSection
	GlobalSection(SolutionProperties) = preSolution
		HideSolutionNode = FALSE
	EndGlobalSection
	GlobalSection(ExtensibilityGlobals) = postSolution
		SolutionGuid = {29B5EF00-53FE-4171-91DB-0CDDDD5823D3}
	EndGlobalSection
EndGlobal
